
Microsoft Visual Studio Solution File, Format Version 12.00
# Visual Studio Version 18
VisualStudioVersion = 18.0.11018.127 d18.0
MinimumVisualStudioVersion = 10.0.40219.1
Project("{FAE04EC0-301F-11D3-BF4B-00C04F79EFBC}") = "Brotal.McbScraper", "Brotal.McbScraper.csproj", "{24F101F5-D6E6-6892-91F4-54B8CEC7F302}"
EndProject
Global
	GlobalSection(SolutionConfigurationPlatforms) = preSolution
		Debug|Any CPU = Debug|Any CPU
		Release|Any CPU = Release|Any CPU
	EndGlobalSection
	GlobalSection(ProjectConfigurationPlatforms) = postSolution
		{24F101F5-D6E6-6892-91F4-54B8CEC7F302}.Debug|Any CPU.ActiveCfg = Debug|Any CPU
		{24F101F5-D6E6-6892-91F4-54B8CEC7F302}.Debug|Any CPU.Build.0 = Debug|Any CPU
		{24F101F5-D6E6-6892-91F4-54B8CEC7F302}.Release|Any CPU.ActiveCfg = Release|Any CPU
		{24F101F5-D6E6-6892-91F4-54B8CEC7F302}.Release|Any CPU.Build.0 = Release|Any CPU
	EndGlobalSection
	GlobalSection(SolutionProperties) = preSolution
		HideSolutionNode = FALSE
	EndGlobalSection
	GlobalSection(ExtensibilityGlobals) = postSolution
		SolutionGuid = {27D1A9C2-48FF-40DF-B747-0F36793C4D11}
	EndGlobalSection
EndGlobal
